
Microsoft Visual Studio Solution File, Format Version 12.00
# Visual Studio 15
VisualStudioVersion = 15.0.26430.14
MinimumVisualStudioVersion = 10.0.40219.1
Project("{FAE04EC0-301F-11D3-BF4B-00C04F79EFBC}") = "move picture", "move picture\move picture.csproj", "{F9BB7378-8511-42BD-92D6-B56F0FAD027F}"
EndProject
Global
	GlobalSection(SolutionConfigurationPlatforms) = preSolution
		Debug|Any CPU = Debug|Any CPU
		Release|Any CPU = Release|Any CPU
	EndGlobalSection
	GlobalSection(ProjectConfigurationPlatforms) = postSolution
		{F9BB7378-8511-42BD-92D6-B56F0FAD027F}.Debug|Any CPU.ActiveCfg = Debug|Any CPU
		{F9BB7378-8511-42BD-92D6-B56F0FAD027F}.Debug|Any CPU.Build.0 = Debug|Any CPU
		{F9BB7378-8511-42BD-92D6-B56F0FAD027F}.Release|Any CPU.ActiveCfg = Release|Any CPU
		{F9BB7378-8511-42BD-92D6-B56F0FAD027F}.Release|Any CPU.Build.0 = Release|Any CPU
	EndGlobalSection
	GlobalSection(SolutionProperties) = preSolution
		HideSolutionNode = FALSE
	EndGlobalSection
EndGlobal
